
Microsoft Visual Studio Solution File, Format Version 12.00
# Visual Studio Version 16
VisualStudioVersion = 16.0.30523.141
MinimumVisualStudioVersion = 10.0.40219.1
Project("{FAE04EC0-301F-11D3-BF4B-00C04F79EFBC}") = "pharmaco", "pharmaco.csproj", "{2E5FECFE-4706-489E-BB4E-1A7B661D9F67}"
EndProject
Project("{FAE04EC0-301F-11D3-BF4B-00C04F79EFBC}") = "pharmaco.data", "pharmaco.data\pharmaco.data.csproj", "{D83CA348-EE88-4476-B983-0BB2AD71C91A}"
EndProject
Project("{FAE04EC0-301F-11D3-BF4B-00C04F79EFBC}") = "pharmaco.model", "pharmaco.model\pharmaco.model.csproj", "{BBF8DD62-9402-4825-B934-6D65A28C1D9C}"
EndProject
Project("{FAE04EC0-301F-11D3-BF4B-00C04F79EFBC}") = "pharmaco.log", "pharmaco.log\pharmaco.log.csproj", "{04B6A881-25CE-4994-B569-C96D94BBA967}"
EndProject
Project("{FAE04EC0-301F-11D3-BF4B-00C04F79EFBC}") = "pharmaco.service.ui", "pharmaco.service.ui\pharmaco.service.ui.csproj", "{87BB51A7-739B-4350-B291-29B2817CF898}"
EndProject
Project("{FAE04EC0-301F-11D3-BF4B-00C04F79EFBC}") = "pharmaco.resources", "pharmaco.resources\pharmaco.resources.csproj", "{3E3ABA79-37A6-4DB2-848C-66068235B547}"
EndProject
Global
	GlobalSection(SolutionConfigurationPlatforms) = preSolution
		Debug|Any CPU = Debug|Any CPU
		Release|Any CPU = Release|Any CPU
	EndGlobalSection
	GlobalSection(ProjectConfigurationPlatforms) = postSolution
		{2E5FECFE-4706-489E-BB4E-1A7B661D9F67}.Debug|Any CPU.ActiveCfg = Debug|Any CPU
		{2E5FECFE-4706-489E-BB4E-1A7B661D9F67}.Debug|Any CPU.Build.0 = Debug|Any CPU
		{2E5FECFE-4706-489E-BB4E-1A7B661D9F67}.Release|Any CPU.ActiveCfg = Release|Any CPU
		{2E5FECFE-4706-489E-BB4E-1A7B661D9F67}.Release|Any CPU.Build.0 = Release|Any CPU
		{D83CA348-EE88-4476-B983-0BB2AD71C91A}.Debug|Any CPU.ActiveCfg = Debug|Any CPU
		{D83CA348-EE88-4476-B983-0BB2AD71C91A}.Debug|Any CPU.Build.0 = Debug|Any CPU
		{D83CA348-EE88-4476-B983-0BB2AD71C91A}.Release|Any CPU.ActiveCfg = Release|Any CPU
		{D83CA348-EE88-4476-B983-0BB2AD71C91A}.Release|Any CPU.Build.0 = Release|Any CPU
		{BBF8DD62-9402-4825-B934-6D65A28C1D9C}.Debug|Any CPU.ActiveCfg = Debug|Any CPU
		{BBF8DD62-9402-4825-B934-6D65A28C1D9C}.Debug|Any CPU.Build.0 = Debug|Any CPU
		{BBF8DD62-9402-4825-B934-6D65A28C1D9C}.Release|Any CPU.ActiveCfg = Release|Any CPU
		{BBF8DD62-9402-4825-B934-6D65A28C1D9C}.Release|Any CPU.Build.0 = Release|Any CPU
		{04B6A881-25CE-4994-B569-C96D94BBA967}.Debug|Any CPU.ActiveCfg = Debug|Any CPU
		{04B6A881-25CE-4994-B569-C96D94BBA967}.Debug|Any CPU.Build.0 = Debug|Any CPU
		{04B6A881-25CE-4994-B569-C96D94BBA967}.Release|Any CPU.ActiveCfg = Release|Any CPU
		{04B6A881-25CE-4994-B569-C96D94BBA967}.Release|Any CPU.Build.0 = Release|Any CPU
		{87BB51A7-739B-4350-B291-29B2817CF898}.Debug|Any CPU.ActiveCfg = Debug|Any CPU
		{87BB51A7-739B-4350-B291-29B2817CF898}.Debug|Any CPU.Build.0 = Debug|Any CPU
		{87BB51A7-739B-4350-B291-29B2817CF898}.Release|Any CPU.ActiveCfg = Release|Any CPU
		{87BB51A7-739B-4350-B291-29B2817CF898}.Release|Any CPU.Build.0 = Release|Any CPU
		{3E3ABA79-37A6-4DB2-848C-66068235B547}.Debug|Any CPU.ActiveCfg = Debug|Any CPU
		{3E3ABA79-37A6-4DB2-848C-66068235B547}.Debug|Any CPU.Build.0 = Debug|Any CPU
		{3E3ABA79-37A6-4DB2-848C-66068235B547}.Release|Any CPU.ActiveCfg = Release|Any CPU
		{3E3ABA79-37A6-4DB2-848C-66068235B547}.Release|Any CPU.Build.0 = Release|Any CPU
	EndGlobalSection
	GlobalSection(SolutionProperties) = preSolution
		HideSolutionNode = FALSE
	EndGlobalSection
	GlobalSection(ExtensibilityGlobals) = postSolution
		SolutionGuid = {83CCB2EE-D493-43EE-9D43-C20811E8ACD1}
	EndGlobalSection
EndGlobal
